// !$*UTF8*$!
{
	archiveVersion = 1;
	classes = {
	};
	objectVersion = 56;
	objects = {

/* Begin PBXBuildFile section */
		8ADBD60B299935E1003236D2 /* AppDelegate.swift in Sources */ = {isa = PBXBuildFile; fileRef = 8ADBD60A299935E1003236D2 /* AppDelegate.swift */; };
		8ADBD60D299935E1003236D2 /* SceneDelegate.swift in Sources */ = {isa = PBXBuildFile; fileRef = 8ADBD60C299935E1003236D2 /* SceneDelegate.swift */; };
		8ADBD60F299935E1003236D2 /* ViewController.swift in Sources */ = {isa = PBXBuildFile; fileRef = 8ADBD60E299935E1003236D2 /* ViewController.swift */; };
		8ADBD612299935E1003236D2 /* Main.storyboard in Resources */ = {isa = PBXBuildFile; fileRef = 8ADBD610299935E1003236D2 /* Main.storyboard */; };
		8ADBD615299935E1003236D2 /* NuProducts.xcdatamodeld in Sources */ = {isa = PBXBuildFile; fileRef = 8ADBD613299935E1003236D2 /* NuProducts.xcdatamodeld */; };
		8ADBD617299935E9003236D2 /* Assets.xcassets in Resources */ = {isa = PBXBuildFile; fileRef = 8ADBD616299935E9003236D2 /* Assets.xcassets */; };
		8ADBD61A299935E9003236D2 /* LaunchScreen.storyboard in Resources */ = {isa = PBXBuildFile; fileRef = 8ADBD618299935E9003236D2 /* LaunchScreen.storyboard */; };
		8ADBD625299935EA003236D2 /* NuProductsTests.swift in Sources */ = {isa = PBXBuildFile; fileRef = 8ADBD624299935EA003236D2 /* NuProductsTests.swift */; };
		8ADBD62F299935EA003236D2 /* NuProductsUITests.swift in Sources */ = {isa = PBXBuildFile; fileRef = 8ADBD62E299935EA003236D2 /* NuProductsUITests.swift */; };
		8ADBD631299935EA003236D2 /* NuProductsUITestsLaunchTests.swift in Sources */ = {isa = PBXBuildFile; fileRef = 8ADBD630299935EA003236D2 /* NuProductsUITestsLaunchTests.swift */; };
		8ADBD63F29993777003236D2 /* Alamofire in Frameworks */ = {isa = PBXBuildFile; productRef = 8ADBD63E29993777003236D2 /* Alamofire */; };
		8ADBD6422999386B003236D2 /* SDWebImage in Frameworks */ = {isa = PBXBuildFile; productRef = 8ADBD6412999386B003236D2 /* SDWebImage */; };
		8ADBD649299939B0003236D2 /* ProductsList.swift in Sources */ = {isa = PBXBuildFile; fileRef = 8ADBD648299939B0003236D2 /* ProductsList.swift */; };
		8ADBD64C29993A4E003236D2 /* APIService.swift in Sources */ = {isa = PBXBuildFile; fileRef = 8ADBD64B29993A4E003236D2 /* APIService.swift */; };
		8ADBD64E29993ACE003236D2 /* ProductsViewModel.swift in Sources */ = {isa = PBXBuildFile; fileRef = 8ADBD64D29993ACE003236D2 /* ProductsViewModel.swift */; };
/* End PBXBuildFile section */

/* Begin PBXContainerItemProxy section */
		8ADBD621299935EA003236D2 /* PBXContainerItemProxy */ = {
			isa = PBXContainerItemProxy;
			containerPortal = 8ADBD5FF299935E1003236D2 /* Project object */;
			proxyType = 1;
			remoteGlobalIDString = 8ADBD606299935E1003236D2;
			remoteInfo = NuProducts;
		};
		8ADBD62B299935EA003236D2 /* PBXContainerItemProxy */ = {
			isa = PBXContainerItemProxy;
			containerPortal = 8ADBD5FF299935E1003236D2 /* Project object */;
			proxyType = 1;
			remoteGlobalIDString = 8ADBD606299935E1003236D2;
			remoteInfo = NuProducts;
		};
/* End PBXContainerItemProxy section */

/* Begin PBXFileReference section */
		8ADBD607299935E1003236D2 /* NuProducts.app */ = {isa = PBXFileReference; explicitFileType = wrapper.application; includeInIndex = 0; path = NuProducts.app; sourceTree = BUILT_PRODUCTS_DIR; };
		8ADBD60A299935E1003236D2 /* AppDelegate.swift */ = {isa = PBXFileReference; lastKnownFileType = sourcecode.swift; path = AppDelegate.swift; sourceTree = "<group>"; };
		8ADBD60C299935E1003236D2 /* SceneDelegate.swift */ = {isa = PBXFileReference; lastKnownFileType = sourcecode.swift; path = SceneDelegate.swift; sourceTree = "<group>"; };
		8ADBD60E299935E1003236D2 /* ViewController.swift */ = {isa = PBXFileReference; lastKnownFileType = sourcecode.swift; path = ViewController.swift; sourceTree = "<group>"; };
		8ADBD611299935E1003236D2 /* Base */ = {isa = PBXFileReference; lastKnownFileType = file.storyboard; name = Base; path = Base.lproj/Main.storyboard; sourceTree = "<group>"; };
		8ADBD614299935E1003236D2 /* NuProducts.xcdatamodel */ = {isa = PBXFileReference; lastKnownFileType = wrapper.xcdatamodel; path = NuProducts.xcdatamodel; sourceTree = "<group>"; };
		8ADBD616299935E9003236D2 /* Assets.xcassets */ = {isa = PBXFileReference; lastKnownFileType = folder.assetcatalog; path = Assets.xcassets; sourceTree = "<group>"; };
		8ADBD619299935E9003236D2 /* Base */ = {isa = PBXFileReference; lastKnownFileType = file.storyboard; name = Base; path = Base.lproj/LaunchScreen.storyboard; sourceTree = "<group>"; };
		8ADBD61B299935E9003236D2 /* Info.plist */ = {isa = PBXFileReference; lastKnownFileType = text.plist.xml; path = Info.plist; sourceTree = "<group>"; };
		8ADBD620299935EA003236D2 /* NuProductsTests.xctest */ = {isa = PBXFileReference; explicitFileType = wrapper.cfbundle; includeInIndex = 0; path = NuProductsTests.xctest; sourceTree = BUILT_PRODUCTS_DIR; };
		8ADBD624299935EA003236D2 /* NuProductsTests.swift */ = {isa = PBXFileReference; lastKnownFileType = sourcecode.swift; path = NuProductsTests.swift; sourceTree = "<group>"; };
		8ADBD62A299935EA003236D2 /* NuProductsUITests.xctest */ = {isa = PBXFileReference; explicitFileType = wrapper.cfbundle; includeInIndex = 0; path = NuProductsUITests.xctest; sourceTree = BUILT_PRODUCTS_DIR; };
		8ADBD62E299935EA003236D2 /* NuProductsUITests.swift */ = {isa = PBXFileReference; lastKnownFileType = sourcecode.swift; path = NuProductsUITests.swift; sourceTree = "<group>"; };
		8ADBD630299935EA003236D2 /* NuProductsUITestsLaunchTests.swift */ = {isa = PBXFileReference; lastKnownFileType = sourcecode.swift; path = NuProductsUITestsLaunchTests.swift; sourceTree = "<group>"; };
		8ADBD648299939B0003236D2 /* ProductsList.swift */ = {isa = PBXFileReference; lastKnownFileType = sourcecode.swift; path = ProductsList.swift; sourceTree = "<group>"; };
		8ADBD64B29993A4E003236D2 /* APIService.swift */ = {isa = PBXFileReference; lastKnownFileType = sourcecode.swift; path = APIService.swift; sourceTree = "<group>"; };
		8ADBD64D29993ACE003236D2 /* ProductsViewModel.swift */ = {isa = PBXFileReference; lastKnownFileType = sourcecode.swift; path = ProductsViewModel.swift; sourceTree = "<group>"; };
/* End PBXFileReference section */

/* Begin PBXFrameworksBuildPhase section */
		8ADBD604299935E1003236D2 /* Frameworks */ = {
			isa = PBXFrameworksBuildPhase;
			buildActionMask = 2147483647;
			files = (
				8ADBD6422999386B003236D2 /* SDWebImage in Frameworks */,
				8ADBD63F29993777003236D2 /* Alamofire in Frameworks */,
			);
			runOnlyForDeploymentPostprocessing = 0;
		};
		8ADBD61D299935EA003236D2 /* Frameworks */ = {
			isa = PBXFrameworksBuildPhase;
			buildActionMask = 2147483647;
			files = (
			);
			runOnlyForDeploymentPostprocessing = 0;
		};
		8ADBD627299935EA003236D2 /* Frameworks */ = {
			isa = PBXFrameworksBuildPhase;
			buildActionMask = 2147483647;
			files = (
			);
			runOnlyForDeploymentPostprocessing = 0;
		};
/* End PBXFrameworksBuildPhase section */

/* Begin PBXGroup section */
		8ADBD5FE299935E1003236D2 = {
			isa = PBXGroup;
			children = (
				8ADBD609299935E1003236D2 /* NuProducts */,
				8ADBD623299935EA003236D2 /* NuProductsTests */,
				8ADBD62D299935EA003236D2 /* NuProductsUITests */,
				8ADBD608299935E1003236D2 /* Products */,
			);
			sourceTree = "<group>";
		};
		8ADBD608299935E1003236D2 /* Products */ = {
			isa = PBXGroup;
			children = (
				8ADBD607299935E1003236D2 /* NuProducts.app */,
				8ADBD620299935EA003236D2 /* NuProductsTests.xctest */,
				8ADBD62A299935EA003236D2 /* NuProductsUITests.xctest */,
			);
			name = Products;
			sourceTree = "<group>";
		};
		8ADBD609299935E1003236D2 /* NuProducts */ = {
			isa = PBXGroup;
			children = (
				8ADBD64A29993A08003236D2 /* Services */,
				8ADBD647299938E0003236D2 /* Utilities */,
				8ADBD646299938D3003236D2 /* ViewModels */,
				8ADBD645299938C8003236D2 /* Models */,
				8ADBD643299938B2003236D2 /* AppDelegates */,
				8ADBD644299938BE003236D2 /* Controllers */,
				8ADBD610299935E1003236D2 /* Main.storyboard */,
				8ADBD616299935E9003236D2 /* Assets.xcassets */,
				8ADBD618299935E9003236D2 /* LaunchScreen.storyboard */,
				8ADBD61B299935E9003236D2 /* Info.plist */,
				8ADBD613299935E1003236D2 /* NuProducts.xcdatamodeld */,
			);
			path = NuProducts;
			sourceTree = "<group>";
		};
		8ADBD623299935EA003236D2 /* NuProductsTests */ = {
			isa = PBXGroup;
			children = (
				8ADBD624299935EA003236D2 /* NuProductsTests.swift */,
			);
			path = NuProductsTests;
			sourceTree = "<group>";
		};
		8ADBD62D299935EA003236D2 /* NuProductsUITests */ = {
			isa = PBXGroup;
			children = (
				8ADBD62E299935EA003236D2 /* NuProductsUITests.swift */,
				8ADBD630299935EA003236D2 /* NuProductsUITestsLaunchTests.swift */,
			);
			path = NuProductsUITests;
			sourceTree = "<group>";
		};
		8ADBD643299938B2003236D2 /* AppDelegates */ = {
			isa = PBXGroup;
			children = (
				8ADBD60A299935E1003236D2 /* AppDelegate.swift */,
				8ADBD60C299935E1003236D2 /* SceneDelegate.swift */,
			);
			path = AppDelegates;
			sourceTree = "<group>";
		};
		8ADBD644299938BE003236D2 /* Controllers */ = {
			isa = PBXGroup;
			children = (
				8ADBD60E299935E1003236D2 /* ViewController.swift */,
			);
			path = Controllers;
			sourceTree = "<group>";
		};
		8ADBD645299938C8003236D2 /* Models */ = {
			isa = PBXGroup;
			children = (
				8ADBD648299939B0003236D2 /* ProductsList.swift */,
			);
			path = Models;
			sourceTree = "<group>";
		};
		8ADBD646299938D3003236D2 /* ViewModels */ = {
			isa = PBXGroup;
			children = (
				8ADBD64D29993ACE003236D2 /* ProductsViewModel.swift */,
			);
			path = ViewModels;
			sourceTree = "<group>";
		};
		8ADBD647299938E0003236D2 /* Utilities */ = {
			isa = PBXGroup;
			children = (
			);
			path = Utilities;
			sourceTree = "<group>";
		};
		8ADBD64A29993A08003236D2 /* Services */ = {
			isa = PBXGroup;
			children = (
				8ADBD64B29993A4E003236D2 /* APIService.swift */,
			);
			path = Services;
			sourceTree = "<group>";
		};
/* End PBXGroup section */

/* Begin PBXNativeTarget section */
		8ADBD606299935E1003236D2 /* NuProducts */ = {
			isa = PBXNativeTarget;
			buildConfigurationList = 8ADBD634299935EA003236D2 /* Build configuration list for PBXNativeTarget "NuProducts" */;
			buildPhases = (
				8ADBD603299935E1003236D2 /* Sources */,
				8ADBD604299935E1003236D2 /* Frameworks */,
				8ADBD605299935E1003236D2 /* Resources */,
			);
			buildRules = (
			);
			dependencies = (
			);
			name = NuProducts;
			packageProductDependencies = (
				8ADBD63E29993777003236D2 /* Alamofire */,
				8ADBD6412999386B003236D2 /* SDWebImage */,
			);
			productName = NuProducts;
			productReference = 8ADBD607299935E1003236D2 /* NuProducts.app */;
			productType = "com.apple.product-type.application";
		};
		8ADBD61F299935EA003236D2 /* NuProductsTests */ = {
			isa = PBXNativeTarget;
			buildConfigurationList = 8ADBD637299935EA003236D2 /* Build configuration list for PBXNativeTarget "NuProductsTests" */;
			buildPhases = (
				8ADBD61C299935EA003236D2 /* Sources */,
				8ADBD61D299935EA003236D2 /* Frameworks */,
				8ADBD61E299935EA003236D2 /* Resources */,
			);
			buildRules = (
			);
			dependencies = (
				8ADBD622299935EA003236D2 /* PBXTargetDependency */,
			);
			name = NuProductsTests;
			productName = NuProductsTests;
			productReference = 8ADBD620299935EA003236D2 /* NuProductsTests.xctest */;
			productType = "com.apple.product-type.bundle.unit-test";
		};
		8ADBD629299935EA003236D2 /* NuProductsUITests */ = {
			isa = PBXNativeTarget;
			buildConfigurationList = 8ADBD63A299935EA003236D2 /* Build configuration list for PBXNativeTarget "NuProductsUITests" */;
			buildPhases = (
				8ADBD626299935EA003236D2 /* Sources */,
				8ADBD627299935EA003236D2 /* Frameworks */,
				8ADBD628299935EA003236D2 /* Resources */,
			);
			buildRules = (
			);
			dependencies = (
				8ADBD62C299935EA003236D2 /* PBXTargetDependency */,
			);
			name = NuProductsUITests;
			productName = NuProductsUITests;
			productReference = 8ADBD62A299935EA003236D2 /* NuProductsUITests.xctest */;
			productType = "com.apple.product-type.bundle.ui-testing";
		};
/* End PBXNativeTarget section */

/* Begin PBXProject section */
		8ADBD5FF299935E1003236D2 /* Project object */ = {
			isa = PBXProject;
			attributes = {
				BuildIndependentTargetsInParallel = 1;
				LastSwiftUpdateCheck = 1420;
				LastUpgradeCheck = 1420;
				TargetAttributes = {
					8ADBD606299935E1003236D2 = {
						CreatedOnToolsVersion = 14.2;
					};
					8ADBD61F299935EA003236D2 = {
						CreatedOnToolsVersion = 14.2;
						TestTargetID = 8ADBD606299935E1003236D2;
					};
					8ADBD629299935EA003236D2 = {
						CreatedOnToolsVersion = 14.2;
						TestTargetID = 8ADBD606299935E1003236D2;
					};
				};
			};
			buildConfigurationList = 8ADBD602299935E1003236D2 /* Build configuration list for PBXProject "NuProducts" */;
			compatibilityVersion = "Xcode 14.0";
			developmentRegion = en;
			hasScannedForEncodings = 0;
			knownRegions = (
				en,
				Base,
			);
			mainGroup = 8ADBD5FE299935E1003236D2;
			packageReferences = (
				8ADBD63D29993777003236D2 /* XCRemoteSwiftPackageReference "Alamofire" */,
				8ADBD6402999386B003236D2 /* XCRemoteSwiftPackageReference "SDWebImage" */,
			);
			productRefGroup = 8ADBD608299935E1003236D2 /* Products */;
			projectDirPath = "";
			projectRoot = "";
			targets = (
				8ADBD606299935E1003236D2 /* NuProducts */,
				8ADBD61F299935EA003236D2 /* NuProductsTests */,
				8ADBD629299935EA003236D2 /* NuProductsUITests */,
			);
		};
/* End PBXProject section */

/* Begin PBXResourcesBuildPhase section */
		8ADBD605299935E1003236D2 /* Resources */ = {
			isa = PBXResourcesBuildPhase;
			buildActionMask = 2147483647;
			files = (
				8ADBD61A299935E9003236D2 /* LaunchScreen.storyboard in Resources */,
				8ADBD617299935E9003236D2 /* Assets.xcassets in Resources */,
				8ADBD612299935E1003236D2 /* Main.storyboard in Resources */,
			);
			runOnlyForDeploymentPostprocessing = 0;
		};
		8ADBD61E299935EA003236D2 /* Resources */ = {
			isa = PBXResourcesBuildPhase;
			buildActionMask = 2147483647;
			files = (
			);
			runOnlyForDeploymentPostprocessing = 0;
		};
		8ADBD628299935EA003236D2 /* Resources */ = {
			isa = PBXResourcesBuildPhase;
			buildActionMask = 2147483647;
			files = (
			);
			runOnlyForDeploymentPostprocessing = 0;
		};
/* End PBXResourcesBuildPhase section */

/* Begin PBXSourcesBuildPhase section */
		8ADBD603299935E1003236D2 /* Sources */ = {
			isa = PBXSourcesBuildPhase;
			buildActionMask = 2147483647;
			files = (
				8ADBD60F299935E1003236D2 /* ViewController.swift in Sources */,
				8ADBD60B299935E1003236D2 /* AppDelegate.swift in Sources */,
				8ADBD64E29993ACE003236D2 /* ProductsViewModel.swift in Sources */,
				8ADBD649299939B0003236D2 /* ProductsList.swift in Sources */,
				8ADBD615299935E1003236D2 /* NuProducts.xcdatamodeld in Sources */,
				8ADBD64C29993A4E003236D2 /* APIService.swift in Sources */,
				8ADBD60D299935E1003236D2 /* SceneDelegate.swift in Sources */,
			);
			runOnlyForDeploymentPostprocessing = 0;
		};
		8ADBD61C299935EA003236D2 /* Sources */ = {
			isa = PBXSourcesBuildPhase;
			buildActionMask = 2147483647;
			files = (
				8ADBD625299935EA003236D2 /* NuProductsTests.swift in Sources */,
			);
			runOnlyForDeploymentPostprocessing = 0;
		};
		8ADBD626299935EA003236D2 /* Sources */ = {
			isa = PBXSourcesBuildPhase;
			buildActionMask = 2147483647;
			files = (
				8ADBD62F299935EA003236D2 /* NuProductsUITests.swift in Sources */,
				8ADBD631299935EA003236D2 /* NuProductsUITestsLaunchTests.swift in Sources */,
			);
			runOnlyForDeploymentPostprocessing = 0;
		};
/* End PBXSourcesBuildPhase section */

/* Begin PBXTargetDependency section */
		8ADBD622299935EA003236D2 /* PBXTargetDependency */ = {
			isa = PBXTargetDependency;
			target = 8ADBD606299935E1003236D2 /* NuProducts */;
			targetProxy = 8ADBD621299935EA003236D2 /* PBXContainerItemProxy */;
		};
		8ADBD62C299935EA003236D2 /* PBXTargetDependency */ = {
			isa = PBXTargetDependency;
			target = 8ADBD606299935E1003236D2 /* NuProducts */;
			targetProxy = 8ADBD62B299935EA003236D2 /* PBXContainerItemProxy */;
		};
/* End PBXTargetDependency section */

/* Begin PBXVariantGroup section */
		8ADBD610299935E1003236D2 /* Main.storyboard */ = {
			isa = PBXVariantGroup;
			children = (
				8ADBD611299935E1003236D2 /* Base */,
			);
			name = Main.storyboard;
			sourceTree = "<group>";
		};
		8ADBD618299935E9003236D2 /* LaunchScreen.storyboard */ = {
			isa = PBXVariantGroup;
			children = (
				8ADBD619299935E9003236D2 /* Base */,
			);
			name = LaunchScreen.storyboard;
			sourceTree = "<group>";
		};
/* End PBXVariantGroup section */

/* Begin XCBuildConfiguration section */
		8ADBD632299935EA003236D2 /* Debug */ = {
			isa = XCBuildConfiguration;
			buildSettings = {
				ALWAYS_SEARCH_USER_PATHS = NO;
				CLANG_ANALYZER_NONNULL = YES;
				CLANG_ANALYZER_NUMBER_OBJECT_CONVERSION = YES_AGGRESSIVE;
				CLANG_CXX_LANGUAGE_STANDARD = "gnu++20";
				CLANG_ENABLE_MODULES = YES;
				CLANG_ENABLE_OBJC_ARC = YES;
				CLANG_ENABLE_OBJC_WEAK = YES;
				CLANG_WARN_BLOCK_CAPTURE_AUTORELEASING = YES;
				CLANG_WARN_BOOL_CONVERSION = YES;
				CLANG_WARN_COMMA = YES;
				CLANG_WARN_CONSTANT_CONVERSION = YES;
				CLANG_WARN_DEPRECATED_OBJC_IMPLEMENTATIONS = YES;
				CLANG_WARN_DIRECT_OBJC_ISA_USAGE = YES_ERROR;
				CLANG_WARN_DOCUMENTATION_COMMENTS = YES;
				CLANG_WARN_EMPTY_BODY = YES;
				CLANG_WARN_ENUM_CONVERSION = YES;
				CLANG_WARN_INFINITE_RECURSION = YES;
				CLANG_WARN_INT_CONVERSION = YES;
				CLANG_WARN_NON_LITERAL_NULL_CONVERSION = YES;
				CLANG_WARN_OBJC_IMPLICIT_RETAIN_SELF = YES;
				CLANG_WARN_OBJC_LITERAL_CONVERSION = YES;
				CLANG_WARN_OBJC_ROOT_CLASS = YES_ERROR;
				CLANG_WARN_QUOTED_INCLUDE_IN_FRAMEWORK_HEADER = YES;
				CLANG_WARN_RANGE_LOOP_ANALYSIS = YES;
				CLANG_WARN_STRICT_PROTOTYPES = YES;
				CLANG_WARN_SUSPICIOUS_MOVE = YES;
				CLANG_WARN_UNGUARDED_AVAILABILITY = YES_AGGRESSIVE;
				CLANG_WARN_UNREACHABLE_CODE = YES;
				CLANG_WARN__DUPLICATE_METHOD_MATCH = YES;
				COPY_PHASE_STRIP = NO;
				DEBUG_INFORMATION_FORMAT = dwarf;
				ENABLE_STRICT_OBJC_MSGSEND = YES;
				ENABLE_TESTABILITY = YES;
				GCC_C_LANGUAGE_STANDARD = gnu11;
				GCC_DYNAMIC_NO_PIC = NO;
				GCC_NO_COMMON_BLOCKS = YES;
				GCC_OPTIMIZATION_LEVEL = 0;
				GCC_PREPROCESSOR_DEFINITIONS = (
					"DEBUG=1",
					"$(inherited)",
				);
				GCC_WARN_64_TO_32_BIT_CONVERSION = YES;
				GCC_WARN_ABOUT_RETURN_TYPE = YES_ERROR;
				GCC_WARN_UNDECLARED_SELECTOR = YES;
				GCC_WARN_UNINITIALIZED_AUTOS = YES_AGGRESSIVE;
				GCC_WARN_UNUSED_FUNCTION = YES;
				GCC_WARN_UNUSED_VARIABLE = YES;
				IPHONEOS_DEPLOYMENT_TARGET = 16.2;
				MTL_ENABLE_DEBUG_INFO = INCLUDE_SOURCE;
				MTL_FAST_MATH = YES;
				ONLY_ACTIVE_ARCH = YES;
				SDKROOT = iphoneos;
				SWIFT_ACTIVE_COMPILATION_CONDITIONS = DEBUG;
				SWIFT_OPTIMIZATION_LEVEL = "-Onone";
			};
			name = Debug;
		};
		8ADBD633299935EA003236D2 /* Release */ = {
			isa = XCBuildConfiguration;
			buildSettings = {
				ALWAYS_SEARCH_USER_PATHS = NO;
				CLANG_ANALYZER_NONNULL = YES;
				CLANG_ANALYZER_NUMBER_OBJECT_CONVERSION = YES_AGGRESSIVE;
				CLANG_CXX_LANGUAGE_STANDARD = "gnu++20";
				CLANG_ENABLE_MODULES = YES;
				CLANG_ENABLE_OBJC_ARC = YES;
				CLANG_ENABLE_OBJC_WEAK = YES;
				CLANG_WARN_BLOCK_CAPTURE_AUTORELEASING = YES;
				CLANG_WARN_BOOL_CONVERSION = YES;
				CLANG_WARN_COMMA = YES;
				CLANG_WARN_CONSTANT_CONVERSION = YES;
				CLANG_WARN_DEPRECATED_OBJC_IMPLEMENTATIONS = YES;
				CLANG_WARN_DIRECT_OBJC_ISA_USAGE = YES_ERROR;
				CLANG_WARN_DOCUMENTATION_COMMENTS = YES;
				CLANG_WARN_EMPTY_BODY = YES;
				CLANG_WARN_ENUM_CONVERSION = YES;
				CLANG_WARN_INFINITE_RECURSION = YES;
				CLANG_WARN_INT_CONVERSION = YES;
				CLANG_WARN_NON_LITERAL_NULL_CONVERSION = YES;
				CLANG_WARN_OBJC_IMPLICIT_RETAIN_SELF = YES;
				CLANG_WARN_OBJC_LITERAL_CONVERSION = YES;
				CLANG_WARN_OBJC_ROOT_CLASS = YES_ERROR;
				CLANG_WARN_QUOTED_INCLUDE_IN_FRAMEWORK_HEADER = YES;
				CLANG_WARN_RANGE_LOOP_ANALYSIS = YES;
				CLANG_WARN_STRICT_PROTOTYPES = YES;
				CLANG_WARN_SUSPICIOUS_MOVE = YES;
				CLANG_WARN_UNGUARDED_AVAILABILITY = YES_AGGRESSIVE;
				CLANG_WARN_UNREACHABLE_CODE = YES;
				CLANG_WARN__DUPLICATE_METHOD_MATCH = YES;
				COPY_PHASE_STRIP = NO;
				DEBUG_INFORMATION_FORMAT = "dwarf-with-dsym";
				ENABLE_NS_ASSERTIONS = NO;
				ENABLE_STRICT_OBJC_MSGSEND = YES;
				GCC_C_LANGUAGE_STANDARD = gnu11;
				GCC_NO_COMMON_BLOCKS = YES;
				GCC_WARN_64_TO_32_BIT_CONVERSION = YES;
				GCC_WARN_ABOUT_RETURN_TYPE = YES_ERROR;
				GCC_WARN_UNDECLARED_SELECTOR = YES;
				GCC_WARN_UNINITIALIZED_AUTOS = YES_AGGRESSIVE;
				GCC_WARN_UNUSED_FUNCTION = YES;
				GCC_WARN_UNUSED_VARIABLE = YES;
				IPHONEOS_DEPLOYMENT_TARGET = 16.2;
				MTL_ENABLE_DEBUG_INFO = NO;
				MTL_FAST_MATH = YES;
				SDKROOT = iphoneos;
				SWIFT_COMPILATION_MODE = wholemodule;
				SWIFT_OPTIMIZATION_LEVEL = "-O";
				VALIDATE_PRODUCT = YES;
			};
			name = Release;
		};
		8ADBD635299935EA003236D2 /* Debug */ = {
			isa = XCBuildConfiguration;
			buildSettings = {
				ASSETCATALOG_COMPILER_APPICON_NAME = AppIcon;
				ASSETCATALOG_COMPILER_GLOBAL_ACCENT_COLOR_NAME = AccentColor;
				CODE_SIGN_STYLE = Automatic;
				CURRENT_PROJECT_VERSION = 1;
				GENERATE_INFOPLIST_FILE = YES;
				INFOPLIST_FILE = NuProducts/Info.plist;
				INFOPLIST_KEY_UIApplicationSupportsIndirectInputEvents = YES;
				INFOPLIST_KEY_UILaunchStoryboardName = LaunchScreen;
				INFOPLIST_KEY_UIMainStoryboardFile = Main;
				INFOPLIST_KEY_UISupportedInterfaceOrientations_iPad = "UIInterfaceOrientationPortrait UIInterfaceOrientationPortraitUpsideDown UIInterfaceOrientationLandscapeLeft UIInterfaceOrientationLandscapeRight";
				INFOPLIST_KEY_UISupportedInterfaceOrientations_iPhone = "UIInterfaceOrientationPortrait UIInterfaceOrientationLandscapeLeft UIInterfaceOrientationLandscapeRight";
				LD_RUNPATH_SEARCH_PATHS = (
					"$(inherited)",
					"@executable_path/Frameworks",
				);
				MARKETING_VERSION = 1.0;
				PRODUCT_BUNDLE_IDENTIFIER = nagendra.NuProducts;
				PRODUCT_NAME = "$(TARGET_NAME)";
				SWIFT_EMIT_LOC_STRINGS = YES;
				SWIFT_VERSION = 5.0;
				TARGETED_DEVICE_FAMILY = "1,2";
			};
			name = Debug;
		};
		8ADBD636299935EA003236D2 /* Release */ = {
			isa = XCBuildConfiguration;
			buildSettings = {
				ASSETCATALOG_COMPILER_APPICON_NAME = AppIcon;
				ASSETCATALOG_COMPILER_GLOBAL_ACCENT_COLOR_NAME = AccentColor;
				CODE_SIGN_STYLE = Automatic;
				CURRENT_PROJECT_VERSION = 1;
				GENERATE_INFOPLIST_FILE = YES;
				INFOPLIST_FILE = NuProducts/Info.plist;
				INFOPLIST_KEY_UIApplicationSupportsIndirectInputEvents = YES;
				INFOPLIST_KEY_UILaunchStoryboardName = LaunchScreen;
				INFOPLIST_KEY_UIMainStoryboardFile = Main;
				INFOPLIST_KEY_UISupportedInterfaceOrientations_iPad = "UIInterfaceOrientationPortrait UIInterfaceOrientationPortraitUpsideDown UIInterfaceOrientationLandscapeLeft UIInterfaceOrientationLandscapeRight";
				INFOPLIST_KEY_UISupportedInterfaceOrientations_iPhone = "UIInterfaceOrientationPortrait UIInterfaceOrientationLandscapeLeft UIInterfaceOrientationLandscapeRight";
				LD_RUNPATH_SEARCH_PATHS = (
					"$(inherited)",
					"@executable_path/Frameworks",
				);
				MARKETING_VERSION = 1.0;
				PRODUCT_BUNDLE_IDENTIFIER = nagendra.NuProducts;
				PRODUCT_NAME = "$(TARGET_NAME)";
				SWIFT_EMIT_LOC_STRINGS = YES;
				SWIFT_VERSION = 5.0;
				TARGETED_DEVICE_FAMILY = "1,2";
			};
			name = Release;
		};
		8ADBD638299935EA003236D2 /* Debug */ = {
			isa = XCBuildConfiguration;
			buildSettings = {
				ALWAYS_EMBED_SWIFT_STANDARD_LIBRARIES = YES;
				BUNDLE_LOADER = "$(TEST_HOST)";
				CODE_SIGN_STYLE = Automatic;
				CURRENT_PROJECT_VERSION = 1;
				GENERATE_INFOPLIST_FILE = YES;
				IPHONEOS_DEPLOYMENT_TARGET = 16.2;
				MARKETING_VERSION = 1.0;
				PRODUCT_BUNDLE_IDENTIFIER = nagendra.NuProductsTests;
				PRODUCT_NAME = "$(TARGET_NAME)";
				SWIFT_EMIT_LOC_STRINGS = NO;
				SWIFT_VERSION = 5.0;
				TARGETED_DEVICE_FAMILY = "1,2";
				TEST_HOST = "$(BUILT_PRODUCTS_DIR)/NuProducts.app/$(BUNDLE_EXECUTABLE_FOLDER_PATH)/NuProducts";
			};
			name = Debug;
		};
		8ADBD639299935EA003236D2 /* Release */ = {
			isa = XCBuildConfiguration;
			buildSettings = {
				ALWAYS_EMBED_SWIFT_STANDARD_LIBRARIES = YES;
				BUNDLE_LOADER = "$(TEST_HOST)";
				CODE_SIGN_STYLE = Automatic;
				CURRENT_PROJECT_VERSION = 1;
				GENERATE_INFOPLIST_FILE = YES;
				IPHONEOS_DEPLOYMENT_TARGET = 16.2;
				MARKETING_VERSION = 1.0;
				PRODUCT_BUNDLE_IDENTIFIER = nagendra.NuProductsTests;
				PRODUCT_NAME = "$(TARGET_NAME)";
				SWIFT_EMIT_LOC_STRINGS = NO;
				SWIFT_VERSION = 5.0;
				TARGETED_DEVICE_FAMILY = "1,2";
				TEST_HOST = "$(BUILT_PRODUCTS_DIR)/NuProducts.app/$(BUNDLE_EXECUTABLE_FOLDER_PATH)/NuProducts";
			};
			name = Release;
		};
		8ADBD63B299935EA003236D2 /* Debug */ = {
			isa = XCBuildConfiguration;
			buildSettings = {
				ALWAYS_EMBED_SWIFT_STANDARD_LIBRARIES = YES;
				CODE_SIGN_STYLE = Automatic;
				CURRENT_PROJECT_VERSION = 1;
				GENERATE_INFOPLIST_FILE = YES;
				MARKETING_VERSION = 1.0;
				PRODUCT_BUNDLE_IDENTIFIER = nagendra.NuProductsUITests;
				PRODUCT_NAME = "$(TARGET_NAME)";
				SWIFT_EMIT_LOC_STRINGS = NO;
				SWIFT_VERSION = 5.0;
				TARGETED_DEVICE_FAMILY = "1,2";
				TEST_TARGET_NAME = NuProducts;
			};
			name = Debug;
		};
		8ADBD63C299935EA003236D2 /* Release */ = {
			isa = XCBuildConfiguration;
			buildSettings = {
				ALWAYS_EMBED_SWIFT_STANDARD_LIBRARIES = YES;
				CODE_SIGN_STYLE = Automatic;
				CURRENT_PROJECT_VERSION = 1;
				GENERATE_INFOPLIST_FILE = YES;
				MARKETING_VERSION = 1.0;
				PRODUCT_BUNDLE_IDENTIFIER = nagendra.NuProductsUITests;
				PRODUCT_NAME = "$(TARGET_NAME)";
				SWIFT_EMIT_LOC_STRINGS = NO;
				SWIFT_VERSION = 5.0;
				TARGETED_DEVICE_FAMILY = "1,2";
				TEST_TARGET_NAME = NuProducts;
			};
			name = Release;
		};
/* End XCBuildConfiguration section */

/* Begin XCConfigurationList section */
		8ADBD602299935E1003236D2 /* Build configuration list for PBXProject "NuProducts" */ = {
			isa = XCConfigurationList;
			buildConfigurations = (
				8ADBD632299935EA003236D2 /* Debug */,
				8ADBD633299935EA003236D2 /* Release */,
			);
			defaultConfigurationIsVisible = 0;
			defaultConfigurationName = Release;
		};
		8ADBD634299935EA003236D2 /* Build configuration list for PBXNativeTarget "NuProducts" */ = {
			isa = XCConfigurationList;
			buildConfigurations = (
				8ADBD635299935EA003236D2 /* Debug */,
				8ADBD636299935EA003236D2 /* Release */,
			);
			defaultConfigurationIsVisible = 0;
			defaultConfigurationName = Release;
		};
		8ADBD637299935EA003236D2 /* Build configuration list for PBXNativeTarget "NuProductsTests" */ = {
			isa = XCConfigurationList;
			buildConfigurations = (
				8ADBD638299935EA003236D2 /* Debug */,
				8ADBD639299935EA003236D2 /* Release */,
			);
			defaultConfigurationIsVisible = 0;
			defaultConfigurationName = Release;
		};
		8ADBD63A299935EA003236D2 /* Build configuration list for PBXNativeTarget "NuProductsUITests" */ = {
			isa = XCConfigurationList;
			buildConfigurations = (
				8ADBD63B299935EA003236D2 /* Debug */,
				8ADBD63C299935EA003236D2 /* Release */,
			);
			defaultConfigurationIsVisible = 0;
			defaultConfigurationName = Release;
		};
/* End XCConfigurationList section */

/* Begin XCRemoteSwiftPackageReference section */
		8ADBD63D29993777003236D2 /* XCRemoteSwiftPackageReference "Alamofire" */ = {
			isa = XCRemoteSwiftPackageReference;
			repositoryURL = "https://github.com/Alamofire/Alamofire.git";
			requirement = {
				kind = upToNextMajorVersion;
				minimumVersion = 5.0.0;
			};
		};
		8ADBD6402999386B003236D2 /* XCRemoteSwiftPackageReference "SDWebImage" */ = {
			isa = XCRemoteSwiftPackageReference;
			repositoryURL = "https://github.com/SDWebImage/SDWebImage.git";
			requirement = {
				kind = upToNextMajorVersion;
				minimumVersion = 5.0.0;
			};
		};
/* End XCRemoteSwiftPackageReference section */

/* Begin XCSwiftPackageProductDependency section */
		8ADBD63E29993777003236D2 /* Alamofire */ = {
			isa = XCSwiftPackageProductDependency;
			package = 8ADBD63D29993777003236D2 /* XCRemoteSwiftPackageReference "Alamofire" */;
			productName = Alamofire;
		};
		8ADBD6412999386B003236D2 /* SDWebImage */ = {
			isa = XCSwiftPackageProductDependency;
			package = 8ADBD6402999386B003236D2 /* XCRemoteSwiftPackageReference "SDWebImage" */;
			productName = SDWebImage;
		};
/* End XCSwiftPackageProductDependency section */

/* Begin XCVersionGroup section */
		8ADBD613299935E1003236D2 /* NuProducts.xcdatamodeld */ = {
			isa = XCVersionGroup;
			children = (
				8ADBD614299935E1003236D2 /* NuProducts.xcdatamodel */,
			);
			currentVersion = 8ADBD614299935E1003236D2 /* NuProducts.xcdatamodel */;
			path = NuProducts.xcdatamodeld;
			sourceTree = "<group>";
			versionGroupType = wrapper.xcdatamodel;
		};
/* End XCVersionGroup section */
	};
	rootObject = 8ADBD5FF299935E1003236D2 /* Project object */;
}
